// !$*UTF8*$!
{
	archiveVersion = 1;
	classes = {
	};
	objectVersion = 46;
	objects = {

/* Begin PBXBuildFile section */
		042469D41F03765400BCF07F /* AppDelegate.swift in Sources */ = {isa = PBXBuildFile; fileRef = 042469D31F03765400BCF07F /* AppDelegate.swift */; };
		042469D61F03765400BCF07F /* ViewController.swift in Sources */ = {isa = PBXBuildFile; fileRef = 042469D51F03765400BCF07F /* ViewController.swift */; };
		042469D91F03765400BCF07F /* Main.storyboard in Resources */ = {isa = PBXBuildFile; fileRef = 042469D71F03765400BCF07F /* Main.storyboard */; };
		042469DC1F03765400BCF07F /* SharKar.xcdatamodeld in Sources */ = {isa = PBXBuildFile; fileRef = 042469DA1F03765400BCF07F /* SharKar.xcdatamodeld */; };
		042469DE1F03765400BCF07F /* Assets.xcassets in Resources */ = {isa = PBXBuildFile; fileRef = 042469DD1F03765400BCF07F /* Assets.xcassets */; };
		042469E11F03765400BCF07F /* LaunchScreen.storyboard in Resources */ = {isa = PBXBuildFile; fileRef = 042469DF1F03765400BCF07F /* LaunchScreen.storyboard */; };
		042469EC1F03765400BCF07F /* SharKarTests.swift in Sources */ = {isa = PBXBuildFile; fileRef = 042469EB1F03765400BCF07F /* SharKarTests.swift */; };
		042469F71F03765400BCF07F /* SharKarUITests.swift in Sources */ = {isa = PBXBuildFile; fileRef = 042469F61F03765400BCF07F /* SharKarUITests.swift */; };
/* End PBXBuildFile section */

/* Begin PBXContainerItemProxy section */
		042469E81F03765400BCF07F /* PBXContainerItemProxy */ = {
			isa = PBXContainerItemProxy;
			containerPortal = 042469C81F03765400BCF07F /* Project object */;
			proxyType = 1;
			remoteGlobalIDString = 042469CF1F03765400BCF07F;
			remoteInfo = SharKar;
		};
		042469F31F03765400BCF07F /* PBXContainerItemProxy */ = {
			isa = PBXContainerItemProxy;
			containerPortal = 042469C81F03765400BCF07F /* Project object */;
			proxyType = 1;
			remoteGlobalIDString = 042469CF1F03765400BCF07F;
			remoteInfo = SharKar;
		};
/* End PBXContainerItemProxy section */

/* Begin PBXFileReference section */
		042469D01F03765400BCF07F /* SharKar.app */ = {isa = PBXFileReference; explicitFileType = wrapper.application; includeInIndex = 0; path = SharKar.app; sourceTree = BUILT_PRODUCTS_DIR; };
		042469D31F03765400BCF07F /* AppDelegate.swift */ = {isa = PBXFileReference; lastKnownFileType = sourcecode.swift; path = AppDelegate.swift; sourceTree = "<group>"; };
		042469D51F03765400BCF07F /* ViewController.swift */ = {isa = PBXFileReference; lastKnownFileType = sourcecode.swift; path = ViewController.swift; sourceTree = "<group>"; };
		042469D81F03765400BCF07F /* Base */ = {isa = PBXFileReference; lastKnownFileType = file.storyboard; name = Base; path = Base.lproj/Main.storyboard; sourceTree = "<group>"; };
		042469DB1F03765400BCF07F /* SharKar.xcdatamodel */ = {isa = PBXFileReference; lastKnownFileType = wrapper.xcdatamodel; path = SharKar.xcdatamodel; sourceTree = "<group>"; };
		042469DD1F03765400BCF07F /* Assets.xcassets */ = {isa = PBXFileReference; lastKnownFileType = folder.assetcatalog; path = Assets.xcassets; sourceTree = "<group>"; };
		042469E01F03765400BCF07F /* Base */ = {isa = PBXFileReference; lastKnownFileType = file.storyboard; name = Base; path = Base.lproj/LaunchScreen.storyboard; sourceTree = "<group>"; };
		042469E21F03765400BCF07F /* Info.plist */ = {isa = PBXFileReference; lastKnownFileType = text.plist.xml; path = Info.plist; sourceTree = "<group>"; };
		042469E71F03765400BCF07F /* SharKarTests.xctest */ = {isa = PBXFileReference; explicitFileType = wrapper.cfbundle; includeInIndex = 0; path = SharKarTests.xctest; sourceTree = BUILT_PRODUCTS_DIR; };
		042469EB1F03765400BCF07F /* SharKarTests.swift */ = {isa = PBXFileReference; lastKnownFileType = sourcecode.swift; path = SharKarTests.swift; sourceTree = "<group>"; };
		042469ED1F03765400BCF07F /* Info.plist */ = {isa = PBXFileReference; lastKnownFileType = text.plist.xml; path = Info.plist; sourceTree = "<group>"; };
		042469F21F03765400BCF07F /* SharKarUITests.xctest */ = {isa = PBXFileReference; explicitFileType = wrapper.cfbundle; includeInIndex = 0; path = SharKarUITests.xctest; sourceTree = BUILT_PRODUCTS_DIR; };
		042469F61F03765400BCF07F /* SharKarUITests.swift */ = {isa = PBXFileReference; lastKnownFileType = sourcecode.swift; path = SharKarUITests.swift; sourceTree = "<group>"; };
		042469F81F03765400BCF07F /* Info.plist */ = {isa = PBXFileReference; lastKnownFileType = text.plist.xml; path = Info.plist; sourceTree = "<group>"; };
/* End PBXFileReference section */

/* Begin PBXFrameworksBuildPhase section */
		042469CD1F03765400BCF07F /* Frameworks */ = {
			isa = PBXFrameworksBuildPhase;
			buildActionMask = 2147483647;
			files = (
			);
			runOnlyForDeploymentPostprocessing = 0;
		};
		042469E41F03765400BCF07F /* Frameworks */ = {
			isa = PBXFrameworksBuildPhase;
			buildActionMask = 2147483647;
			files = (
			);
			runOnlyForDeploymentPostprocessing = 0;
		};
		042469EF1F03765400BCF07F /* Frameworks */ = {
			isa = PBXFrameworksBuildPhase;
			buildActionMask = 2147483647;
			files = (
			);
			runOnlyForDeploymentPostprocessing = 0;
		};
/* End PBXFrameworksBuildPhase section */

/* Begin PBXGroup section */
		042469C71F03765400BCF07F = {
			isa = PBXGroup;
			children = (
				042469D21F03765400BCF07F /* SharKar */,
				042469EA1F03765400BCF07F /* SharKarTests */,
				042469F51F03765400BCF07F /* SharKarUITests */,
				042469D11F03765400BCF07F /* Products */,
			);
			sourceTree = "<group>";
		};
		042469D11F03765400BCF07F /* Products */ = {
			isa = PBXGroup;
			children = (
				042469D01F03765400BCF07F /* SharKar.app */,
				042469E71F03765400BCF07F /* SharKarTests.xctest */,
				042469F21F03765400BCF07F /* SharKarUITests.xctest */,
			);
			name = Products;
			sourceTree = "<group>";
		};
		042469D21F03765400BCF07F /* SharKar */ = {
			isa = PBXGroup;
			children = (
				042469D31F03765400BCF07F /* AppDelegate.swift */,
				042469D51F03765400BCF07F /* ViewController.swift */,
				042469D71F03765400BCF07F /* Main.storyboard */,
				042469DD1F03765400BCF07F /* Assets.xcassets */,
				042469DF1F03765400BCF07F /* LaunchScreen.storyboard */,
				042469E21F03765400BCF07F /* Info.plist */,
				042469DA1F03765400BCF07F /* SharKar.xcdatamodeld */,
			);
			path = SharKar;
			sourceTree = "<group>";
		};
		042469EA1F03765400BCF07F /* SharKarTests */ = {
			isa = PBXGroup;
			children = (
				042469EB1F03765400BCF07F /* SharKarTests.swift */,
				042469ED1F03765400BCF07F /* Info.plist */,
			);
			path = SharKarTests;
			sourceTree = "<group>";
		};
		042469F51F03765400BCF07F /* SharKarUITests */ = {
			isa = PBXGroup;
			children = (
				042469F61F03765400BCF07F /* SharKarUITests.swift */,
				042469F81F03765400BCF07F /* Info.plist */,
			);
			path = SharKarUITests;
			sourceTree = "<group>";
		};
/* End PBXGroup section */

/* Begin PBXNativeTarget section */
		042469CF1F03765400BCF07F /* SharKar */ = {
			isa = PBXNativeTarget;
			buildConfigurationList = 042469FB1F03765400BCF07F /* Build configuration list for PBXNativeTarget "SharKar" */;
			buildPhases = (
				042469CC1F03765400BCF07F /* Sources */,
				042469CD1F03765400BCF07F /* Frameworks */,
				042469CE1F03765400BCF07F /* Resources */,
			);
			buildRules = (
			);
			dependencies = (
			);
			name = SharKar;
			productName = SharKar;
			productReference = 042469D01F03765400BCF07F /* SharKar.app */;
			productType = "com.apple.product-type.application";
		};
		042469E61F03765400BCF07F /* SharKarTests */ = {
			isa = PBXNativeTarget;
			buildConfigurationList = 042469FE1F03765400BCF07F /* Build configuration list for PBXNativeTarget "SharKarTests" */;
			buildPhases = (
				042469E31F03765400BCF07F /* Sources */,
				042469E41F03765400BCF07F /* Frameworks */,
				042469E51F03765400BCF07F /* Resources */,
			);
			buildRules = (
			);
			dependencies = (
				042469E91F03765400BCF07F /* PBXTargetDependency */,
			);
			name = SharKarTests;
			productName = SharKarTests;
			productReference = 042469E71F03765400BCF07F /* SharKarTests.xctest */;
			productType = "com.apple.product-type.bundle.unit-test";
		};
		042469F11F03765400BCF07F /* SharKarUITests */ = {
			isa = PBXNativeTarget;
			buildConfigurationList = 04246A011F03765400BCF07F /* Build configuration list for PBXNativeTarget "SharKarUITests" */;
			buildPhases = (
				042469EE1F03765400BCF07F /* Sources */,
				042469EF1F03765400BCF07F /* Frameworks */,
				042469F01F03765400BCF07F /* Resources */,
			);
			buildRules = (
			);
			dependencies = (
				042469F41F03765400BCF07F /* PBXTargetDependency */,
			);
			name = SharKarUITests;
			productName = SharKarUITests;
			productReference = 042469F21F03765400BCF07F /* SharKarUITests.xctest */;
			productType = "com.apple.product-type.bundle.ui-testing";
		};
/* End PBXNativeTarget section */

/* Begin PBXProject section */
		042469C81F03765400BCF07F /* Project object */ = {
			isa = PBXProject;
			attributes = {
				LastSwiftUpdateCheck = 0830;
				LastUpgradeCheck = 0830;
				ORGANIZATIONNAME = Mac;
				TargetAttributes = {
					042469CF1F03765400BCF07F = {
						CreatedOnToolsVersion = 8.3.3;
						DevelopmentTeam = VJGEDW5SA9;
						ProvisioningStyle = Automatic;
					};
					042469E61F03765400BCF07F = {
						CreatedOnToolsVersion = 8.3.3;
						DevelopmentTeam = VJGEDW5SA9;
						ProvisioningStyle = Automatic;
						TestTargetID = 042469CF1F03765400BCF07F;
					};
					042469F11F03765400BCF07F = {
						CreatedOnToolsVersion = 8.3.3;
						DevelopmentTeam = VJGEDW5SA9;
						ProvisioningStyle = Automatic;
						TestTargetID = 042469CF1F03765400BCF07F;
					};
				};
			};
			buildConfigurationList = 042469CB1F03765400BCF07F /* Build configuration list for PBXProject "SharKar" */;
			compatibilityVersion = "Xcode 3.2";
			developmentRegion = English;
			hasScannedForEncodings = 0;
			knownRegions = (
				en,
				Base,
			);
			mainGroup = 042469C71F03765400BCF07F;
			productRefGroup = 042469D11F03765400BCF07F /* Products */;
			projectDirPath = "";
			projectRoot = "";
			targets = (
				042469CF1F03765400BCF07F /* SharKar */,
				042469E61F03765400BCF07F /* SharKarTests */,
				042469F11F03765400BCF07F /* SharKarUITests */,
			);
		};
/* End PBXProject section */

/* Begin PBXResourcesBuildPhase section */
		042469CE1F03765400BCF07F /* Resources */ = {
			isa = PBXResourcesBuildPhase;
			buildActionMask = 2147483647;
			files = (
				042469E11F03765400BCF07F /* LaunchScreen.storyboard in Resources */,
				042469DE1F03765400BCF07F /* Assets.xcassets in Resources */,
				042469D91F03765400BCF07F /* Main.storyboard in Resources */,
			);
			runOnlyForDeploymentPostprocessing = 0;
		};
		042469E51F03765400BCF07F /* Resources */ = {
			isa = PBXResourcesBuildPhase;
			buildActionMask = 2147483647;
			files = (
			);
			runOnlyForDeploymentPostprocessing = 0;
		};
		042469F01F03765400BCF07F /* Resources */ = {
			isa = PBXResourcesBuildPhase;
			buildActionMask = 2147483647;
			files = (
			);
			runOnlyForDeploymentPostprocessing = 0;
		};
/* End PBXResourcesBuildPhase section */

/* Begin PBXSourcesBuildPhase section */
		042469CC1F03765400BCF07F /* Sources */ = {
			isa = PBXSourcesBuildPhase;
			buildActionMask = 2147483647;
			files = (
				042469DC1F03765400BCF07F /* SharKar.xcdatamodeld in Sources */,
				042469D61F03765400BCF07F /* ViewController.swift in Sources */,
				042469D41F03765400BCF07F /* AppDelegate.swift in Sources */,
			);
			runOnlyForDeploymentPostprocessing = 0;
		};
		042469E31F03765400BCF07F /* Sources */ = {
			isa = PBXSourcesBuildPhase;
			buildActionMask = 2147483647;
			files = (
				042469EC1F03765400BCF07F /* SharKarTests.swift in Sources */,
			);
			runOnlyForDeploymentPostprocessing = 0;
		};
		042469EE1F03765400BCF07F /* Sources */ = {
			isa = PBXSourcesBuildPhase;
			buildActionMask = 2147483647;
			files = (
				042469F71F03765400BCF07F /* SharKarUITests.swift in Sources */,
			);
			runOnlyForDeploymentPostprocessing = 0;
		};
/* End PBXSourcesBuildPhase section */

/* Begin PBXTargetDependency section */
		042469E91F03765400BCF07F /* PBXTargetDependency */ = {
			isa = PBXTargetDependency;
			target = 042469CF1F03765400BCF07F /* SharKar */;
			targetProxy = 042469E81F03765400BCF07F /* PBXContainerItemProxy */;
		};
		042469F41F03765400BCF07F /* PBXTargetDependency */ = {
			isa = PBXTargetDependency;
			target = 042469CF1F03765400BCF07F /* SharKar */;
			targetProxy = 042469F31F03765400BCF07F /* PBXContainerItemProxy */;
		};
/* End PBXTargetDependency section */

/* Begin PBXVariantGroup section */
		042469D71F03765400BCF07F /* Main.storyboard */ = {
			isa = PBXVariantGroup;
			children = (
				042469D81F03765400BCF07F /* Base */,
			);
			name = Main.storyboard;
			sourceTree = "<group>";
		};
		042469DF1F03765400BCF07F /* LaunchScreen.storyboard */ = {
			isa = PBXVariantGroup;
			children = (
				042469E01F03765400BCF07F /* Base */,
			);
			name = LaunchScreen.storyboard;
			sourceTree = "<group>";
		};
/* End PBXVariantGroup section */

/* Begin XCBuildConfiguration section */
		042469F91F03765400BCF07F /* Debug */ = {
			isa = XCBuildConfiguration;
			buildSettings = {
				ALWAYS_SEARCH_USER_PATHS = NO;
				CLANG_ANALYZER_NONNULL = YES;
				CLANG_ANALYZER_NUMBER_OBJECT_CONVERSION = YES_AGGRESSIVE;
				CLANG_CXX_LANGUAGE_STANDARD = "gnu++0x";
				CLANG_CXX_LIBRARY = "libc++";
				CLANG_ENABLE_MODULES = YES;
				CLANG_ENABLE_OBJC_ARC = YES;
				CLANG_WARN_BOOL_CONVERSION = YES;
				CLANG_WARN_CONSTANT_CONVERSION = YES;
				CLANG_WARN_DIRECT_OBJC_ISA_USAGE = YES_ERROR;
				CLANG_WARN_DOCUMENTATION_COMMENTS = YES;
				CLANG_WARN_EMPTY_BODY = YES;
				CLANG_WARN_ENUM_CONVERSION = YES;
				CLANG_WARN_INFINITE_RECURSION = YES;
				CLANG_WARN_INT_CONVERSION = YES;
				CLANG_WARN_OBJC_ROOT_CLASS = YES_ERROR;
				CLANG_WARN_SUSPICIOUS_MOVE = YES;
				CLANG_WARN_UNREACHABLE_CODE = YES;
				CLANG_WARN__DUPLICATE_METHOD_MATCH = YES;
				"CODE_SIGN_IDENTITY[sdk=iphoneos*]" = "iPhone Developer";
				COPY_PHASE_STRIP = NO;
				DEBUG_INFORMATION_FORMAT = dwarf;
				ENABLE_STRICT_OBJC_MSGSEND = YES;
				ENABLE_TESTABILITY = YES;
				GCC_C_LANGUAGE_STANDARD = gnu99;
				GCC_DYNAMIC_NO_PIC = NO;
				GCC_NO_COMMON_BLOCKS = YES;
				GCC_OPTIMIZATION_LEVEL = 0;
				GCC_PREPROCESSOR_DEFINITIONS = (
					"DEBUG=1",
					"$(inherited)",
				);
				GCC_WARN_64_TO_32_BIT_CONVERSION = YES;
				GCC_WARN_ABOUT_RETURN_TYPE = YES_ERROR;
				GCC_WARN_UNDECLARED_SELECTOR = YES;
				GCC_WARN_UNINITIALIZED_AUTOS = YES_AGGRESSIVE;
				GCC_WARN_UNUSED_FUNCTION = YES;
				GCC_WARN_UNUSED_VARIABLE = YES;
				IPHONEOS_DEPLOYMENT_TARGET = 10.3;
				MTL_ENABLE_DEBUG_INFO = YES;
				ONLY_ACTIVE_ARCH = YES;
				SDKROOT = iphoneos;
				SWIFT_ACTIVE_COMPILATION_CONDITIONS = DEBUG;
				SWIFT_OPTIMIZATION_LEVEL = "-Onone";
				TARGETED_DEVICE_FAMILY = "1,2";
			};
			name = Debug;
		};
		042469FA1F03765400BCF07F /* Release */ = {
			isa = XCBuildConfiguration;
			buildSettings = {
				ALWAYS_SEARCH_USER_PATHS = NO;
				CLANG_ANALYZER_NONNULL = YES;
				CLANG_ANALYZER_NUMBER_OBJECT_CONVERSION = YES_AGGRESSIVE;
				CLANG_CXX_LANGUAGE_STANDARD = "gnu++0x";
				CLANG_CXX_LIBRARY = "libc++";
				CLANG_ENABLE_MODULES = YES;
				CLANG_ENABLE_OBJC_ARC = YES;
				CLANG_WARN_BOOL_CONVERSION = YES;
				CLANG_WARN_CONSTANT_CONVERSION = YES;
				CLANG_WARN_DIRECT_OBJC_ISA_USAGE = YES_ERROR;
				CLANG_WARN_DOCUMENTATION_COMMENTS = YES;
				CLANG_WARN_EMPTY_BODY = YES;
				CLANG_WARN_ENUM_CONVERSION = YES;
				CLANG_WARN_INFINITE_RECURSION = YES;
				CLANG_WARN_INT_CONVERSION = YES;
				CLANG_WARN_OBJC_ROOT_CLASS = YES_ERROR;
				CLANG_WARN_SUSPICIOUS_MOVE = YES;
				CLANG_WARN_UNREACHABLE_CODE = YES;
				CLANG_WARN__DUPLICATE_METHOD_MATCH = YES;
				"CODE_SIGN_IDENTITY[sdk=iphoneos*]" = "iPhone Developer";
				COPY_PHASE_STRIP = NO;
				DEBUG_INFORMATION_FORMAT = "dwarf-with-dsym";
				ENABLE_NS_ASSERTIONS = NO;
				ENABLE_STRICT_OBJC_MSGSEND = YES;
				GCC_C_LANGUAGE_STANDARD = gnu99;
				GCC_NO_COMMON_BLOCKS = YES;
				GCC_WARN_64_TO_32_BIT_CONVERSION = YES;
				GCC_WARN_ABOUT_RETURN_TYPE = YES_ERROR;
				GCC_WARN_UNDECLARED_SELECTOR = YES;
				GCC_WARN_UNINITIALIZED_AUTOS = YES_AGGRESSIVE;
				GCC_WARN_UNUSED_FUNCTION = YES;
				GCC_WARN_UNUSED_VARIABLE = YES;
				IPHONEOS_DEPLOYMENT_TARGET = 10.3;
				MTL_ENABLE_DEBUG_INFO = NO;
				SDKROOT = iphoneos;
				SWIFT_OPTIMIZATION_LEVEL = "-Owholemodule";
				TARGETED_DEVICE_FAMILY = "1,2";
				VALIDATE_PRODUCT = YES;
			};
			name = Release;
		};
		042469FC1F03765400BCF07F /* Debug */ = {
			isa = XCBuildConfiguration;
			buildSettings = {
				ASSETCATALOG_COMPILER_APPICON_NAME = AppIcon;
				DEVELOPMENT_TEAM = VJGEDW5SA9;
				INFOPLIST_FILE = SharKar/Info.plist;
				LD_RUNPATH_SEARCH_PATHS = "$(inherited) @executable_path/Frameworks";
				PRODUCT_BUNDLE_IDENTIFIER = com.sunnylee945.SharKar;
				PRODUCT_NAME = "$(TARGET_NAME)";
				SWIFT_VERSION = 3.0;
			};
			name = Debug;
		};
		042469FD1F03765400BCF07F /* Release */ = {
			isa = XCBuildConfiguration;
			buildSettings = {
				ASSETCATALOG_COMPILER_APPICON_NAME = AppIcon;
				DEVELOPMENT_TEAM = VJGEDW5SA9;
				INFOPLIST_FILE = SharKar/Info.plist;
				LD_RUNPATH_SEARCH_PATHS = "$(inherited) @executable_path/Frameworks";
				PRODUCT_BUNDLE_IDENTIFIER = com.sunnylee945.SharKar;
				PRODUCT_NAME = "$(TARGET_NAME)";
				SWIFT_VERSION = 3.0;
			};
			name = Release;
		};
		042469FF1F03765400BCF07F /* Debug */ = {
			isa = XCBuildConfiguration;
			buildSettings = {
				ALWAYS_EMBED_SWIFT_STANDARD_LIBRARIES = YES;
				BUNDLE_LOADER = "$(TEST_HOST)";
				DEVELOPMENT_TEAM = VJGEDW5SA9;
				INFOPLIST_FILE = SharKarTests/Info.plist;
				LD_RUNPATH_SEARCH_PATHS = "$(inherited) @executable_path/Frameworks @loader_path/Frameworks";
				PRODUCT_BUNDLE_IDENTIFIER = com.sunnylee945.SharKarTests;
				PRODUCT_NAME = "$(TARGET_NAME)";
				SWIFT_VERSION = 3.0;
				TEST_HOST = "$(BUILT_PRODUCTS_DIR)/SharKar.app/SharKar";
			};
			name = Debug;
		};
		04246A001F03765400BCF07F /* Release */ = {
			isa = XCBuildConfiguration;
			buildSettings = {
				ALWAYS_EMBED_SWIFT_STANDARD_LIBRARIES = YES;
				BUNDLE_LOADER = "$(TEST_HOST)";
				DEVELOPMENT_TEAM = VJGEDW5SA9;
				INFOPLIST_FILE = SharKarTests/Info.plist;
				LD_RUNPATH_SEARCH_PATHS = "$(inherited) @executable_path/Frameworks @loader_path/Frameworks";
				PRODUCT_BUNDLE_IDENTIFIER = com.sunnylee945.SharKarTests;
				PRODUCT_NAME = "$(TARGET_NAME)";
				SWIFT_VERSION = 3.0;
				TEST_HOST = "$(BUILT_PRODUCTS_DIR)/SharKar.app/SharKar";
			};
			name = Release;
		};
		04246A021F03765400BCF07F /* Debug */ = {
			isa = XCBuildConfiguration;
			buildSettings = {
				ALWAYS_EMBED_SWIFT_STANDARD_LIBRARIES = YES;
				DEVELOPMENT_TEAM = VJGEDW5SA9;
				INFOPLIST_FILE = SharKarUITests/Info.plist;
				LD_RUNPATH_SEARCH_PATHS = "$(inherited) @executable_path/Frameworks @loader_path/Frameworks";
				PRODUCT_BUNDLE_IDENTIFIER = com.sunnylee945.SharKarUITests;
				PRODUCT_NAME = "$(TARGET_NAME)";
				SWIFT_VERSION = 3.0;
				TEST_TARGET_NAME = SharKar;
			};
			name = Debug;
		};
		04246A031F03765400BCF07F /* Release */ = {
			isa = XCBuildConfiguration;
			buildSettings = {
				ALWAYS_EMBED_SWIFT_STANDARD_LIBRARIES = YES;
				DEVELOPMENT_TEAM = VJGEDW5SA9;
				INFOPLIST_FILE = SharKarUITests/Info.plist;
				LD_RUNPATH_SEARCH_PATHS = "$(inherited) @executable_path/Frameworks @loader_path/Frameworks";
				PRODUCT_BUNDLE_IDENTIFIER = com.sunnylee945.SharKarUITests;
				PRODUCT_NAME = "$(TARGET_NAME)";
				SWIFT_VERSION = 3.0;
				TEST_TARGET_NAME = SharKar;
			};
			name = Release;
		};
/* End XCBuildConfiguration section */

/* Begin XCConfigurationList section */
		042469CB1F03765400BCF07F /* Build configuration list for PBXProject "SharKar" */ = {
			isa = XCConfigurationList;
			buildConfigurations = (
				042469F91F03765400BCF07F /* Debug */,
				042469FA1F03765400BCF07F /* Release */,
			);
			defaultConfigurationIsVisible = 0;
			defaultConfigurationName = Release;
		};
		042469FB1F03765400BCF07F /* Build configuration list for PBXNativeTarget "SharKar" */ = {
			isa = XCConfigurationList;
			buildConfigurations = (
				042469FC1F03765400BCF07F /* Debug */,
				042469FD1F03765400BCF07F /* Release */,
			);
			defaultConfigurationIsVisible = 0;
		};
		042469FE1F03765400BCF07F /* Build configuration list for PBXNativeTarget "SharKarTests" */ = {
			isa = XCConfigurationList;
			buildConfigurations = (
				042469FF1F03765400BCF07F /* Debug */,
				04246A001F03765400BCF07F /* Release */,
			);
			defaultConfigurationIsVisible = 0;
		};
		04246A011F03765400BCF07F /* Build configuration list for PBXNativeTarget "SharKarUITests" */ = {
			isa = XCConfigurationList;
			buildConfigurations = (
				04246A021F03765400BCF07F /* Debug */,
				04246A031F03765400BCF07F /* Release */,
			);
			defaultConfigurationIsVisible = 0;
		};
/* End XCConfigurationList section */

/* Begin XCVersionGroup section */
		042469DA1F03765400BCF07F /* SharKar.xcdatamodeld */ = {
			isa = XCVersionGroup;
			children = (
				042469DB1F03765400BCF07F /* SharKar.xcdatamodel */,
			);
			currentVersion = 042469DB1F03765400BCF07F /* SharKar.xcdatamodel */;
			path = SharKar.xcdatamodeld;
			sourceTree = "<group>";
			versionGroupType = wrapper.xcdatamodel;
		};
/* End XCVersionGroup section */
	};
	rootObject = 042469C81F03765400BCF07F /* Project object */;
}
